
Microsoft Visual Studio Solution File, Format Version 12.00
# Visual Studio 14
VisualStudioVersion = 14.0.25420.1
MinimumVisualStudioVersion = 10.0.40219.1
Project("{2150E333-8FDC-42A3-9474-1A3956D46DE8}") = "src", "src", "{795E880F-709A-42EE-83AF-97518788D1FF}"
EndProject
Project("{2150E333-8FDC-42A3-9474-1A3956D46DE8}") = "Solution Items", "Solution Items", "{46D173A1-8EBD-4B47-9796-A9AD1485C3A2}"
	ProjectSection(SolutionItems) = preProject
		global.json = global.json
		WebEssentials2015-Settings.json = WebEssentials2015-Settings.json
	EndProjectSection
EndProject
Project("{8BB2217D-0F2D-49D1-97BC-3654ED321F3B}") = "Netmine.InventoryManager.Web", "src\Netmine.InventoryManager.Web\Netmine.InventoryManager.Web.xproj", "{42867BCC-373A-478F-8872-67108C2C0876}"
EndProject
Global
	GlobalSection(SolutionConfigurationPlatforms) = preSolution
		Debug|Any CPU = Debug|Any CPU
		Release|Any CPU = Release|Any CPU
	EndGlobalSection
	GlobalSection(ProjectConfigurationPlatforms) = postSolution
		{42867BCC-373A-478F-8872-67108C2C0876}.Debug|Any CPU.ActiveCfg = Debug|Any CPU
		{42867BCC-373A-478F-8872-67108C2C0876}.Debug|Any CPU.Build.0 = Debug|Any CPU
		{42867BCC-373A-478F-8872-67108C2C0876}.Release|Any CPU.ActiveCfg = Release|Any CPU
		{42867BCC-373A-478F-8872-67108C2C0876}.Release|Any CPU.Build.0 = Release|Any CPU
	EndGlobalSection
	GlobalSection(SolutionProperties) = preSolution
		HideSolutionNode = FALSE
	EndGlobalSection
	GlobalSection(NestedProjects) = preSolution
		{42867BCC-373A-478F-8872-67108C2C0876} = {795E880F-709A-42EE-83AF-97518788D1FF}
	EndGlobalSection
EndGlobal
